// !$*UTF8*$!
{
	archiveVersion = 1;
	classes = {
	};
	objectVersion = 50;
	objects = {

/* Begin PBXBuildFile section */
		4985F67321E09155004A966D /* AppDelegate.swift in Sources */ = {isa = PBXBuildFile; fileRef = 4985F67221E09155004A966D /* AppDelegate.swift */; };
		4985F67521E09155004A966D /* ViewController.swift in Sources */ = {isa = PBXBuildFile; fileRef = 4985F67421E09155004A966D /* ViewController.swift */; };
		4985F67821E09155004A966D /* Main.storyboard in Resources */ = {isa = PBXBuildFile; fileRef = 4985F67621E09155004A966D /* Main.storyboard */; };
		4985F67A21E09156004A966D /* Assets.xcassets in Resources */ = {isa = PBXBuildFile; fileRef = 4985F67921E09156004A966D /* Assets.xcassets */; };
		4985F67D21E09156004A966D /* LaunchScreen.storyboard in Resources */ = {isa = PBXBuildFile; fileRef = 4985F67B21E09156004A966D /* LaunchScreen.storyboard */; };
		4985F68821E09156004A966D /* SelectItemDemoTests.swift in Sources */ = {isa = PBXBuildFile; fileRef = 4985F68721E09156004A966D /* SelectItemDemoTests.swift */; };
/* End PBXBuildFile section */

/* Begin PBXContainerItemProxy section */
		4985F68421E09156004A966D /* PBXContainerItemProxy */ = {
			isa = PBXContainerItemProxy;
			containerPortal = 4985F66721E09155004A966D /* Project object */;
			proxyType = 1;
			remoteGlobalIDString = 4985F66E21E09155004A966D;
			remoteInfo = SelectItemDemo;
		};
/* End PBXContainerItemProxy section */

/* Begin PBXFileReference section */
		4985F66F21E09155004A966D /* SelectItemDemo.app */ = {isa = PBXFileReference; explicitFileType = wrapper.application; includeInIndex = 0; path = SelectItemDemo.app; sourceTree = BUILT_PRODUCTS_DIR; };
		4985F67221E09155004A966D /* AppDelegate.swift */ = {isa = PBXFileReference; lastKnownFileType = sourcecode.swift; path = AppDelegate.swift; sourceTree = "<group>"; };
		4985F67421E09155004A966D /* ViewController.swift */ = {isa = PBXFileReference; lastKnownFileType = sourcecode.swift; path = ViewController.swift; sourceTree = "<group>"; };
		4985F67721E09155004A966D /* Base */ = {isa = PBXFileReference; lastKnownFileType = file.storyboard; name = Base; path = Base.lproj/Main.storyboard; sourceTree = "<group>"; };
		4985F67921E09156004A966D /* Assets.xcassets */ = {isa = PBXFileReference; lastKnownFileType = folder.assetcatalog; path = Assets.xcassets; sourceTree = "<group>"; };
		4985F67C21E09156004A966D /* Base */ = {isa = PBXFileReference; lastKnownFileType = file.storyboard; name = Base; path = Base.lproj/LaunchScreen.storyboard; sourceTree = "<group>"; };
		4985F67E21E09156004A966D /* Info.plist */ = {isa = PBXFileReference; lastKnownFileType = text.plist.xml; path = Info.plist; sourceTree = "<group>"; };
		4985F68321E09156004A966D /* SelectItemDemoTests.xctest */ = {isa = PBXFileReference; explicitFileType = wrapper.cfbundle; includeInIndex = 0; path = SelectItemDemoTests.xctest; sourceTree = BUILT_PRODUCTS_DIR; };
		4985F68721E09156004A966D /* SelectItemDemoTests.swift */ = {isa = PBXFileReference; lastKnownFileType = sourcecode.swift; path = SelectItemDemoTests.swift; sourceTree = "<group>"; };
		4985F68921E09156004A966D /* Info.plist */ = {isa = PBXFileReference; lastKnownFileType = text.plist.xml; path = Info.plist; sourceTree = "<group>"; };
/* End PBXFileReference section */

/* Begin PBXFrameworksBuildPhase section */
		4985F66C21E09155004A966D /* Frameworks */ = {
			isa = PBXFrameworksBuildPhase;
			buildActionMask = 2147483647;
			files = (
			);
			runOnlyForDeploymentPostprocessing = 0;
		};
		4985F68021E09156004A966D /* Frameworks */ = {
			isa = PBXFrameworksBuildPhase;
			buildActionMask = 2147483647;
			files = (
			);
			runOnlyForDeploymentPostprocessing = 0;
		};
/* End PBXFrameworksBuildPhase section */

/* Begin PBXGroup section */
		4985F66621E09155004A966D = {
			isa = PBXGroup;
			children = (
				4985F67121E09155004A966D /* SelectItemDemo */,
				4985F68621E09156004A966D /* SelectItemDemoTests */,
				4985F67021E09155004A966D /* Products */,
			);
			sourceTree = "<group>";
		};
		4985F67021E09155004A966D /* Products */ = {
			isa = PBXGroup;
			children = (
				4985F66F21E09155004A966D /* SelectItemDemo.app */,
				4985F68321E09156004A966D /* SelectItemDemoTests.xctest */,
			);
			name = Products;
			sourceTree = "<group>";
		};
		4985F67121E09155004A966D /* SelectItemDemo */ = {
			isa = PBXGroup;
			children = (
				4985F67221E09155004A966D /* AppDelegate.swift */,
				4985F67421E09155004A966D /* ViewController.swift */,
				4985F67621E09155004A966D /* Main.storyboard */,
				4985F67921E09156004A966D /* Assets.xcassets */,
				4985F67B21E09156004A966D /* LaunchScreen.storyboard */,
				4985F67E21E09156004A966D /* Info.plist */,
			);
			path = SelectItemDemo;
			sourceTree = "<group>";
		};
		4985F68621E09156004A966D /* SelectItemDemoTests */ = {
			isa = PBXGroup;
			children = (
				4985F68721E09156004A966D /* SelectItemDemoTests.swift */,
				4985F68921E09156004A966D /* Info.plist */,
			);
			path = SelectItemDemoTests;
			sourceTree = "<group>";
		};
/* End PBXGroup section */

/* Begin PBXNativeTarget section */
		4985F66E21E09155004A966D /* SelectItemDemo */ = {
			isa = PBXNativeTarget;
			buildConfigurationList = 4985F68C21E09156004A966D /* Build configuration list for PBXNativeTarget "SelectItemDemo" */;
			buildPhases = (
				4985F66B21E09155004A966D /* Sources */,
				4985F66C21E09155004A966D /* Frameworks */,
				4985F66D21E09155004A966D /* Resources */,
			);
			buildRules = (
			);
			dependencies = (
			);
			name = SelectItemDemo;
			productName = SelectItemDemo;
			productReference = 4985F66F21E09155004A966D /* SelectItemDemo.app */;
			productType = "com.apple.product-type.application";
		};
		4985F68221E09156004A966D /* SelectItemDemoTests */ = {
			isa = PBXNativeTarget;
			buildConfigurationList = 4985F68F21E09156004A966D /* Build configuration list for PBXNativeTarget "SelectItemDemoTests" */;
			buildPhases = (
				4985F67F21E09156004A966D /* Sources */,
				4985F68021E09156004A966D /* Frameworks */,
				4985F68121E09156004A966D /* Resources */,
			);
			buildRules = (
			);
			dependencies = (
				4985F68521E09156004A966D /* PBXTargetDependency */,
			);
			name = SelectItemDemoTests;
			productName = SelectItemDemoTests;
			productReference = 4985F68321E09156004A966D /* SelectItemDemoTests.xctest */;
			productType = "com.apple.product-type.bundle.unit-test";
		};
/* End PBXNativeTarget section */

/* Begin PBXProject section */
		4985F66721E09155004A966D /* Project object */ = {
			isa = PBXProject;
			attributes = {
				LastSwiftUpdateCheck = 1010;
				LastUpgradeCheck = 1010;
				ORGANIZATIONNAME = yetaiwen;
				TargetAttributes = {
					4985F66E21E09155004A966D = {
						CreatedOnToolsVersion = 10.1;
					};
					4985F68221E09156004A966D = {
						CreatedOnToolsVersion = 10.1;
						TestTargetID = 4985F66E21E09155004A966D;
					};
				};
			};
			buildConfigurationList = 4985F66A21E09155004A966D /* Build configuration list for PBXProject "SelectItemDemo" */;
			compatibilityVersion = "Xcode 9.3";
			developmentRegion = en;
			hasScannedForEncodings = 0;
			knownRegions = (
				en,
				Base,
			);
			mainGroup = 4985F66621E09155004A966D;
			productRefGroup = 4985F67021E09155004A966D /* Products */;
			projectDirPath = "";
			projectRoot = "";
			targets = (
				4985F66E21E09155004A966D /* SelectItemDemo */,
				4985F68221E09156004A966D /* SelectItemDemoTests */,
			);
		};
/* End PBXProject section */

/* Begin PBXResourcesBuildPhase section */
		4985F66D21E09155004A966D /* Resources */ = {
			isa = PBXResourcesBuildPhase;
			buildActionMask = 2147483647;
			files = (
				4985F67D21E09156004A966D /* LaunchScreen.storyboard in Resources */,
				4985F67A21E09156004A966D /* Assets.xcassets in Resources */,
				4985F67821E09155004A966D /* Main.storyboard in Resources */,
			);
			runOnlyForDeploymentPostprocessing = 0;
		};
		4985F68121E09156004A966D /* Resources */ = {
			isa = PBXResourcesBuildPhase;
			buildActionMask = 2147483647;
			files = (
			);
			runOnlyForDeploymentPostprocessing = 0;
		};
/* End PBXResourcesBuildPhase section */

/* Begin PBXSourcesBuildPhase section */
		4985F66B21E09155004A966D /* Sources */ = {
			isa = PBXSourcesBuildPhase;
			buildActionMask = 2147483647;
			files = (
				4985F67521E09155004A966D /* ViewController.swift in Sources */,
				4985F67321E09155004A966D /* AppDelegate.swift in Sources */,
			);
			runOnlyForDeploymentPostprocessing = 0;
		};
		4985F67F21E09156004A966D /* Sources */ = {
			isa = PBXSourcesBuildPhase;
			buildActionMask = 2147483647;
			files = (
				4985F68821E09156004A966D /* SelectItemDemoTests.swift in Sources */,
			);
			runOnlyForDeploymentPostprocessing = 0;
		};
/* End PBXSourcesBuildPhase section */

/* Begin PBXTargetDependency section */
		4985F68521E09156004A966D /* PBXTargetDependency */ = {
			isa = PBXTargetDependency;
			target = 4985F66E21E09155004A966D /* SelectItemDemo */;
			targetProxy = 4985F68421E09156004A966D /* PBXContainerItemProxy */;
		};
/* End PBXTargetDependency section */

/* Begin PBXVariantGroup section */
		4985F67621E09155004A966D /* Main.storyboard */ = {
			isa = PBXVariantGroup;
			children = (
				4985F67721E09155004A966D /* Base */,
			);
			name = Main.storyboard;
			sourceTree = "<group>";
		};
		4985F67B21E09156004A966D /* LaunchScreen.storyboard */ = {
			isa = PBXVariantGroup;
			children = (
				4985F67C21E09156004A966D /* Base */,
			);
			name = LaunchScreen.storyboard;
			sourceTree = "<group>";
		};
/* End PBXVariantGroup section */

/* Begin XCBuildConfiguration section */
		4985F68A21E09156004A966D /* Debug */ = {
			isa = XCBuildConfiguration;
			buildSettings = {
				ALWAYS_SEARCH_USER_PATHS = NO;
				CLANG_ANALYZER_NONNULL = YES;
				CLANG_ANALYZER_NUMBER_OBJECT_CONVERSION = YES_AGGRESSIVE;
				CLANG_CXX_LANGUAGE_STANDARD = "gnu++14";
				CLANG_CXX_LIBRARY = "libc++";
				CLANG_ENABLE_MODULES = YES;
				CLANG_ENABLE_OBJC_ARC = YES;
				CLANG_ENABLE_OBJC_WEAK = YES;
				CLANG_WARN_BLOCK_CAPTURE_AUTORELEASING = YES;
				CLANG_WARN_BOOL_CONVERSION = YES;
				CLANG_WARN_COMMA = YES;
				CLANG_WARN_CONSTANT_CONVERSION = YES;
				CLANG_WARN_DEPRECATED_OBJC_IMPLEMENTATIONS = YES;
				CLANG_WARN_DIRECT_OBJC_ISA_USAGE = YES_ERROR;
				CLANG_WARN_DOCUMENTATION_COMMENTS = YES;
				CLANG_WARN_EMPTY_BODY = YES;
				CLANG_WARN_ENUM_CONVERSION = YES;
				CLANG_WARN_INFINITE_RECURSION = YES;
				CLANG_WARN_INT_CONVERSION = YES;
				CLANG_WARN_NON_LITERAL_NULL_CONVERSION = YES;
				CLANG_WARN_OBJC_IMPLICIT_RETAIN_SELF = YES;
				CLANG_WARN_OBJC_LITERAL_CONVERSION = YES;
				CLANG_WARN_OBJC_ROOT_CLASS = YES_ERROR;
				CLANG_WARN_RANGE_LOOP_ANALYSIS = YES;
				CLANG_WARN_STRICT_PROTOTYPES = YES;
				CLANG_WARN_SUSPICIOUS_MOVE = YES;
				CLANG_WARN_UNGUARDED_AVAILABILITY = YES_AGGRESSIVE;
				CLANG_WARN_UNREACHABLE_CODE = YES;
				CLANG_WARN__DUPLICATE_METHOD_MATCH = YES;
				CODE_SIGN_IDENTITY = "iPhone Developer";
				COPY_PHASE_STRIP = NO;
				DEBUG_INFORMATION_FORMAT = dwarf;
				ENABLE_STRICT_OBJC_MSGSEND = YES;
				ENABLE_TESTABILITY = YES;
				GCC_C_LANGUAGE_STANDARD = gnu11;
				GCC_DYNAMIC_NO_PIC = NO;
				GCC_NO_COMMON_BLOCKS = YES;
				GCC_OPTIMIZATION_LEVEL = 0;
				GCC_PREPROCESSOR_DEFINITIONS = (
					"DEBUG=1",
					"$(inherited)",
				);
				GCC_WARN_64_TO_32_BIT_CONVERSION = YES;
				GCC_WARN_ABOUT_RETURN_TYPE = YES_ERROR;
				GCC_WARN_UNDECLARED_SELECTOR = YES;
				GCC_WARN_UNINITIALIZED_AUTOS = YES_AGGRESSIVE;
				GCC_WARN_UNUSED_FUNCTION = YES;
				GCC_WARN_UNUSED_VARIABLE = YES;
				IPHONEOS_DEPLOYMENT_TARGET = 12.1;
				MTL_ENABLE_DEBUG_INFO = INCLUDE_SOURCE;
				MTL_FAST_MATH = YES;
				ONLY_ACTIVE_ARCH = YES;
				SDKROOT = iphoneos;
				SWIFT_ACTIVE_COMPILATION_CONDITIONS = DEBUG;
				SWIFT_OPTIMIZATION_LEVEL = "-Onone";
			};
			name = Debug;
		};
		4985F68B21E09156004A966D /* Release */ = {
			isa = XCBuildConfiguration;
			buildSettings = {
				ALWAYS_SEARCH_USER_PATHS = NO;
				CLANG_ANALYZER_NONNULL = YES;
				CLANG_ANALYZER_NUMBER_OBJECT_CONVERSION = YES_AGGRESSIVE;
				CLANG_CXX_LANGUAGE_STANDARD = "gnu++14";
				CLANG_CXX_LIBRARY = "libc++";
				CLANG_ENABLE_MODULES = YES;
				CLANG_ENABLE_OBJC_ARC = YES;
				CLANG_ENABLE_OBJC_WEAK = YES;
				CLANG_WARN_BLOCK_CAPTURE_AUTORELEASING = YES;
				CLANG_WARN_BOOL_CONVERSION = YES;
				CLANG_WARN_COMMA = YES;
				CLANG_WARN_CONSTANT_CONVERSION = YES;
				CLANG_WARN_DEPRECATED_OBJC_IMPLEMENTATIONS = YES;
				CLANG_WARN_DIRECT_OBJC_ISA_USAGE = YES_ERROR;
				CLANG_WARN_DOCUMENTATION_COMMENTS = YES;
				CLANG_WARN_EMPTY_BODY = YES;
				CLANG_WARN_ENUM_CONVERSION = YES;
				CLANG_WARN_INFINITE_RECURSION = YES;
				CLANG_WARN_INT_CONVERSION = YES;
				CLANG_WARN_NON_LITERAL_NULL_CONVERSION = YES;
				CLANG_WARN_OBJC_IMPLICIT_RETAIN_SELF = YES;
				CLANG_WARN_OBJC_LITERAL_CONVERSION = YES;
				CLANG_WARN_OBJC_ROOT_CLASS = YES_ERROR;
				CLANG_WARN_RANGE_LOOP_ANALYSIS = YES;
				CLANG_WARN_STRICT_PROTOTYPES = YES;
				CLANG_WARN_SUSPICIOUS_MOVE = YES;
				CLANG_WARN_UNGUARDED_AVAILABILITY = YES_AGGRESSIVE;
				CLANG_WARN_UNREACHABLE_CODE = YES;
				CLANG_WARN__DUPLICATE_METHOD_MATCH = YES;
				CODE_SIGN_IDENTITY = "iPhone Developer";
				COPY_PHASE_STRIP = NO;
				DEBUG_INFORMATION_FORMAT = "dwarf-with-dsym";
				ENABLE_NS_ASSERTIONS = NO;
				ENABLE_STRICT_OBJC_MSGSEND = YES;
				GCC_C_LANGUAGE_STANDARD = gnu11;
				GCC_NO_COMMON_BLOCKS = YES;
				GCC_WARN_64_TO_32_BIT_CONVERSION = YES;
				GCC_WARN_ABOUT_RETURN_TYPE = YES_ERROR;
				GCC_WARN_UNDECLARED_SELECTOR = YES;
				GCC_WARN_UNINITIALIZED_AUTOS = YES_AGGRESSIVE;
				GCC_WARN_UNUSED_FUNCTION = YES;
				GCC_WARN_UNUSED_VARIABLE = YES;
				IPHONEOS_DEPLOYMENT_TARGET = 12.1;
				MTL_ENABLE_DEBUG_INFO = NO;
				MTL_FAST_MATH = YES;
				SDKROOT = iphoneos;
				SWIFT_COMPILATION_MODE = wholemodule;
				SWIFT_OPTIMIZATION_LEVEL = "-O";
				VALIDATE_PRODUCT = YES;
			};
			name = Release;
		};
		4985F68D21E09156004A966D /* Debug */ = {
			isa = XCBuildConfiguration;
			buildSettings = {
				ASSETCATALOG_COMPILER_APPICON_NAME = AppIcon;
				CODE_SIGN_STYLE = Automatic;
				DEVELOPMENT_TEAM = 68G9D2GE69;
				INFOPLIST_FILE = SelectItemDemo/Info.plist;
				LD_RUNPATH_SEARCH_PATHS = (
					"$(inherited)",
					"@executable_path/Frameworks",
				);
				PRODUCT_BUNDLE_IDENTIFIER = yetaiwen.SelectItemDemo;
				PRODUCT_NAME = "$(TARGET_NAME)";
				SWIFT_VERSION = 4.2;
				TARGETED_DEVICE_FAMILY = "1,2";
			};
			name = Debug;
		};
		4985F68E21E09156004A966D /* Release */ = {
			isa = XCBuildConfiguration;
			buildSettings = {
				ASSETCATALOG_COMPILER_APPICON_NAME = AppIcon;
				CODE_SIGN_STYLE = Automatic;
				DEVELOPMENT_TEAM = 68G9D2GE69;
				INFOPLIST_FILE = SelectItemDemo/Info.plist;
				LD_RUNPATH_SEARCH_PATHS = (
					"$(inherited)",
					"@executable_path/Frameworks",
				);
				PRODUCT_BUNDLE_IDENTIFIER = yetaiwen.SelectItemDemo;
				PRODUCT_NAME = "$(TARGET_NAME)";
				SWIFT_VERSION = 4.2;
				TARGETED_DEVICE_FAMILY = "1,2";
			};
			name = Release;
		};
		4985F69021E09156004A966D /* Debug */ = {
			isa = XCBuildConfiguration;
			buildSettings = {
				ALWAYS_EMBED_SWIFT_STANDARD_LIBRARIES = YES;
				BUNDLE_LOADER = "$(TEST_HOST)";
				CODE_SIGN_STYLE = Automatic;
				DEVELOPMENT_TEAM = 68G9D2GE69;
				INFOPLIST_FILE = SelectItemDemoTests/Info.plist;
				LD_RUNPATH_SEARCH_PATHS = (
					"$(inherited)",
					"@executable_path/Frameworks",
					"@loader_path/Frameworks",
				);
				PRODUCT_BUNDLE_IDENTIFIER = yetaiwen.SelectItemDemoTests;
				PRODUCT_NAME = "$(TARGET_NAME)";
				SWIFT_VERSION = 4.2;
				TARGETED_DEVICE_FAMILY = "1,2";
				TEST_HOST = "$(BUILT_PRODUCTS_DIR)/SelectItemDemo.app/SelectItemDemo";
			};
			name = Debug;
		};
		4985F69121E09156004A966D /* Release */ = {
			isa = XCBuildConfiguration;
			buildSettings = {
				ALWAYS_EMBED_SWIFT_STANDARD_LIBRARIES = YES;
				BUNDLE_LOADER = "$(TEST_HOST)";
				CODE_SIGN_STYLE = Automatic;
				DEVELOPMENT_TEAM = 68G9D2GE69;
				INFOPLIST_FILE = SelectItemDemoTests/Info.plist;
				LD_RUNPATH_SEARCH_PATHS = (
					"$(inherited)",
					"@executable_path/Frameworks",
					"@loader_path/Frameworks",
				);
				PRODUCT_BUNDLE_IDENTIFIER = yetaiwen.SelectItemDemoTests;
				PRODUCT_NAME = "$(TARGET_NAME)";
				SWIFT_VERSION = 4.2;
				TARGETED_DEVICE_FAMILY = "1,2";
				TEST_HOST = "$(BUILT_PRODUCTS_DIR)/SelectItemDemo.app/SelectItemDemo";
			};
			name = Release;
		};
/* End XCBuildConfiguration section */

/* Begin XCConfigurationList section */
		4985F66A21E09155004A966D /* Build configuration list for PBXProject "SelectItemDemo" */ = {
			isa = XCConfigurationList;
			buildConfigurations = (
				4985F68A21E09156004A966D /* Debug */,
				4985F68B21E09156004A966D /* Release */,
			);
			defaultConfigurationIsVisible = 0;
			defaultConfigurationName = Release;
		};
		4985F68C21E09156004A966D /* Build configuration list for PBXNativeTarget "SelectItemDemo" */ = {
			isa = XCConfigurationList;
			buildConfigurations = (
				4985F68D21E09156004A966D /* Debug */,
				4985F68E21E09156004A966D /* Release */,
			);
			defaultConfigurationIsVisible = 0;
			defaultConfigurationName = Release;
		};
		4985F68F21E09156004A966D /* Build configuration list for PBXNativeTarget "SelectItemDemoTests" */ = {
			isa = XCConfigurationList;
			buildConfigurations = (
				4985F69021E09156004A966D /* Debug */,
				4985F69121E09156004A966D /* Release */,
			);
			defaultConfigurationIsVisible = 0;
			defaultConfigurationName = Release;
		};
/* End XCConfigurationList section */
	};
	rootObject = 4985F66721E09155004A966D /* Project object */;
}
